<?xml version="1.0" encoding="utf-8"?>
<Project ToolsVersion="4.0" xmlns="http://schemas.microsoft.com/developer/msbuild/2003">
  <ItemGroup>
    <Filter Include="Source Files">
      <UniqueIdentifier>{4FC737F1-C7A5-4376-A066-2A32D752A2FF}</UniqueIdentifier>
      <Extensions>cpp;c;cc;cxx;def;odl;idl;hpj;bat;asm;asmx</Extensions>
    </Filter>
    <Filter Include="Header Files">
      <UniqueIdentifier>{93995380-89BD-4b04-88EB-625FBE52EBFB}</UniqueIdentifier>
      <Extensions>h;hh;hpp;hxx;hm;inl;inc;xsd</Extensions>
    </Filter>
    <Filter Include="Source Files\Source">
      <UniqueIdentifier>{46e06a4f-b1f7-47d2-936b-8c59cec59da1}</UniqueIdentifier>
    </Filter>
    <Filter Include="Header Files\Source">
      <UniqueIdentifier>{a78dd011-3b81-400b-8f21-4de7f1d91998}</UniqueIdentifier>
    </Filter>
    <Filter Include="Common">
      <UniqueIdentifier>{298429f7-ef56-43a6-b6ad-1bde8672d992}</UniqueIdentifier>
    </Filter>
    <Filter Include="Resources">
      <UniqueIdentifier>{5ecb8076-9e1f-4767-92a5-7ce366232e94}</UniqueIdentifier>
    </Filter>
  </ItemGroup>
  <ItemGroup>
    <ClCompile Include="main.cpp">
      <Filter>Source Files</Filter>
    </ClCompile>
    <ClCompile Include="TorpedoJatekServer.cpp">
      <Filter>Source Files</Filter>
    </ClCompile>
    <ClCompile Include="..\CommonSource\ConnectionHandler.cpp">
      <Filter>Common</Filter>
    </ClCompile>
    <ClCompile Include="Source\ServerHandler.cpp">
      <Filter>Source Files\Source</Filter>
    </ClCompile>
  </ItemGroup>
  <ItemGroup>
    <ClInclude Include="TorpedoJatekServer.h">
      <Filter>Header Files</Filter>
    </ClInclude>
    <ClInclude Include="..\CommonSource\ConnectionHandler.h">
      <Filter>Common</Filter>
    </ClInclude>
    <ClInclude Include="Source\ServerHandler.h">
      <Filter>Header Files\Source</Filter>
    </ClInclude>
    <ClInclude Include="..\CommonSource\CommonGlobals.hpp">
      <Filter>Common</Filter>
    </ClInclude>
    <ClInclude Include="..\CommonSource\TorpedoVersion.hpp">
      <Filter>Common</Filter>
    </ClInclude>
    <ClInclude Include="Icon\resource.h">
      <Filter>Resources</Filter>
    </ClInclude>
  </ItemGroup>
  <ItemGroup>
    <ResourceCompile Include="Icon\TorpedoJatekServer.rc">
      <Filter>Resources</Filter>
    </ResourceCompile>
  </ItemGroup>
  <ItemGroup>
    <Image Include="Icon\icon.ico">
      <Filter>Resources</Filter>
    </Image>
  </ItemGroup>
</Project>