<?xml version="1.0" encoding="utf-8"?>
<Project ToolsVersion="4.0" xmlns="http://schemas.microsoft.com/developer/msbuild/2003">
  <ItemGroup>
    <Filter Include="Source Files">
      <UniqueIdentifier>{4FC737F1-C7A5-4376-A066-2A32D752A2FF}</UniqueIdentifier>
      <Extensions>cpp;c;cc;cxx;def;odl;idl;hpj;bat;asm;asmx</Extensions>
    </Filter>
    <Filter Include="Header Files">
      <UniqueIdentifier>{93995380-89BD-4b04-88EB-625FBE52EBFB}</UniqueIdentifier>
      <Extensions>h;hh;hpp;hxx;hm;inl;inc;xsd</Extensions>
    </Filter>
    <Filter Include="Shaders">
      <UniqueIdentifier>{7a2fe49e-e828-4268-843b-5ead85c5a3e6}</UniqueIdentifier>
    </Filter>
    <Filter Include="Source Files\Backend">
      <UniqueIdentifier>{71c41310-1c2c-48f8-995f-48fcd7dd236a}</UniqueIdentifier>
    </Filter>
    <Filter Include="Source Files\Frontend">
      <UniqueIdentifier>{50e4e5d2-9476-4e20-a520-d93fb459fbb7}</UniqueIdentifier>
    </Filter>
    <Filter Include="Header Files\Backend">
      <UniqueIdentifier>{f9735ab0-c48f-41ac-8d21-3ddd32d4ea5a}</UniqueIdentifier>
    </Filter>
    <Filter Include="Header Files\Frontend">
      <UniqueIdentifier>{4d2ea9ae-299a-43df-b767-71521301d820}</UniqueIdentifier>
    </Filter>
    <Filter Include="Utility">
      <UniqueIdentifier>{0f45c5aa-7d67-4cdb-9153-18eb4d2668cf}</UniqueIdentifier>
    </Filter>
    <Filter Include="Utility\Logs">
      <UniqueIdentifier>{c454ecc7-f981-4fa3-95fd-1dd32c587e4d}</UniqueIdentifier>
    </Filter>
    <Filter Include="Common">
      <UniqueIdentifier>{be657fce-6c88-46be-8022-8ee62dd4ddad}</UniqueIdentifier>
    </Filter>
    <Filter Include="Utility\gClasses">
      <UniqueIdentifier>{640a6233-b296-4142-8a6a-a24454637e80}</UniqueIdentifier>
    </Filter>
    <Filter Include="Utility\Info">
      <UniqueIdentifier>{b88298de-5669-46d7-9454-bbf91a01469a}</UniqueIdentifier>
    </Filter>
    <Filter Include="Resources">
      <UniqueIdentifier>{9c69665f-9404-49e8-b5cb-804e4f27341d}</UniqueIdentifier>
    </Filter>
  </ItemGroup>
  <ItemGroup>
    <ClCompile Include="main.cpp">
      <Filter>Source Files</Filter>
    </ClCompile>
    <ClCompile Include="TorpedoJatekClient.cpp">
      <Filter>Source Files</Filter>
    </ClCompile>
    <ClCompile Include="GameInstance.cpp">
      <Filter>Source Files</Filter>
    </ClCompile>
    <ClCompile Include="Source\Frontend\Mountain.cpp">
      <Filter>Source Files\Frontend</Filter>
    </ClCompile>
    <ClCompile Include="Source\Frontend\PlayTile.cpp">
      <Filter>Source Files\Frontend</Filter>
    </ClCompile>
    <ClCompile Include="Source\Frontend\Ship.cpp">
      <Filter>Source Files\Frontend</Filter>
    </ClCompile>
    <ClCompile Include="Source\Backend\GameLogic.cpp">
      <Filter>Source Files\Backend</Filter>
    </ClCompile>
    <ClCompile Include="Source\Frontend\Terrain.cpp">
      <Filter>Source Files\Frontend</Filter>
    </ClCompile>
    <ClCompile Include="Source\Frontend\Fleet.cpp">
      <Filter>Source Files\Frontend</Filter>
    </ClCompile>
    <ClCompile Include="Source\Frontend\Sea.cpp">
      <Filter>Source Files\Frontend</Filter>
    </ClCompile>
    <ClCompile Include="..\CommonSource\ConnectionHandler.cpp">
      <Filter>Common</Filter>
    </ClCompile>
    <ClCompile Include="Utility\gCamera.cpp">
      <Filter>Utility\gClasses</Filter>
    </ClCompile>
    <ClCompile Include="Utility\gShaderProgram.cpp">
      <Filter>Utility\gClasses</Filter>
    </ClCompile>
    <ClCompile Include="Utility\gVertexBuffer.cpp">
      <Filter>Utility\gClasses</Filter>
    </ClCompile>
    <ClCompile Include="Utility\Mesh_OGL3.cpp">
      <Filter>Utility\gClasses</Filter>
    </ClCompile>
    <ClCompile Include="Utility\ObjParser_OGL3.cpp">
      <Filter>Utility\gClasses</Filter>
    </ClCompile>
    <ClCompile Include="Source\Backend\ClientHandler.cpp">
      <Filter>Source Files\Backend</Filter>
    </ClCompile>
    <ClCompile Include="Source\Frontend\Skybox.cpp">
      <Filter>Source Files\Frontend</Filter>
    </ClCompile>
    <ClCompile Include="Utility\GLUtils.cpp">
      <Filter>Utility\gClasses</Filter>
    </ClCompile>
    <ClCompile Include="Source\Frontend\BattleShip.cpp">
      <Filter>Source Files\Frontend</Filter>
    </ClCompile>
    <ClCompile Include="Source\Frontend\BShipCannon.cpp">
      <Filter>Source Files\Frontend</Filter>
    </ClCompile>
    <ClCompile Include="Source\Frontend\BShipProjectile.cpp">
      <Filter>Source Files\Frontend</Filter>
    </ClCompile>
    <ClCompile Include="Source\Backend\EventHandler.cpp">
      <Filter>Source Files\Backend</Filter>
    </ClCompile>
    <ClCompile Include="Source\Frontend\ParticleGroup.cpp">
      <Filter>Source Files\Frontend</Filter>
    </ClCompile>
    <ClCompile Include="Utility\TextHandler.cpp">
      <Filter>Utility\gClasses</Filter>
    </ClCompile>
  </ItemGroup>
  <ItemGroup>
    <ClInclude Include="TorpedoJatekClient.h">
      <Filter>Header Files</Filter>
    </ClInclude>
    <ClInclude Include="GameInstance.h">
      <Filter>Header Files</Filter>
    </ClInclude>
    <ClInclude Include="Source\Frontend\Mountain.h">
      <Filter>Header Files\Frontend</Filter>
    </ClInclude>
    <ClInclude Include="Source\Frontend\PlayTile.h">
      <Filter>Header Files\Frontend</Filter>
    </ClInclude>
    <ClInclude Include="Source\Frontend\Ship.h">
      <Filter>Header Files\Frontend</Filter>
    </ClInclude>
    <ClInclude Include="Source\Backend\GameLogic.h">
      <Filter>Header Files\Backend</Filter>
    </ClInclude>
    <ClInclude Include="Source\Frontend\Terrain.h">
      <Filter>Header Files\Frontend</Filter>
    </ClInclude>
    <ClInclude Include="Source\Frontend\Fleet.h">
      <Filter>Header Files\Frontend</Filter>
    </ClInclude>
    <ClInclude Include="Source\Frontend\Sea.h">
      <Filter>Header Files\Frontend</Filter>
    </ClInclude>
    <ClInclude Include="..\CommonSource\ConnectionHandler.h">
      <Filter>Common</Filter>
    </ClInclude>
    <ClInclude Include="Utility\gCamera.h">
      <Filter>Utility\gClasses</Filter>
    </ClInclude>
    <ClInclude Include="Utility\gShaderProgram.h">
      <Filter>Utility\gClasses</Filter>
    </ClInclude>
    <ClInclude Include="Utility\gVertexBuffer.h">
      <Filter>Utility\gClasses</Filter>
    </ClInclude>
    <ClInclude Include="Utility\Mesh_OGL3.h">
      <Filter>Utility\gClasses</Filter>
    </ClInclude>
    <ClInclude Include="Utility\ObjParser_OGL3.h">
      <Filter>Utility\gClasses</Filter>
    </ClInclude>
    <ClInclude Include="Source\Backend\ClientHandler.h">
      <Filter>Header Files\Backend</Filter>
    </ClInclude>
    <ClInclude Include="Source\Globals.hpp">
      <Filter>Header Files</Filter>
    </ClInclude>
    <ClInclude Include="Source\Frontend\Skybox.h">
      <Filter>Header Files\Frontend</Filter>
    </ClInclude>
    <ClInclude Include="..\CommonSource\CommonGlobals.hpp">
      <Filter>Common</Filter>
    </ClInclude>
    <ClInclude Include="..\CommonSource\TorpedoVersion.hpp">
      <Filter>Common</Filter>
    </ClInclude>
    <ClInclude Include="Utility\GLUtils.h">
      <Filter>Utility\gClasses</Filter>
    </ClInclude>
    <ClInclude Include="Source\Frontend\BattleShip.h">
      <Filter>Header Files\Frontend</Filter>
    </ClInclude>
    <ClInclude Include="Source\Frontend\BShipCannon.h">
      <Filter>Header Files\Frontend</Filter>
    </ClInclude>
    <ClInclude Include="Source\Frontend\BShipProjectile.h">
      <Filter>Header Files\Frontend</Filter>
    </ClInclude>
    <ClInclude Include="Source\Backend\EventHandler.h">
      <Filter>Header Files\Backend</Filter>
    </ClInclude>
    <ClInclude Include="Source\Frontend\ParticleGroup.h">
      <Filter>Header Files\Frontend</Filter>
    </ClInclude>
    <ClInclude Include="Icon\resource.h">
      <Filter>Resources</Filter>
    </ClInclude>
    <ClInclude Include="Utility\TextHandler.h">
      <Filter>Utility\gClasses</Filter>
    </ClInclude>
  </ItemGroup>
  <ItemGroup>
    <None Include="Shaders\dirLight.frag">
      <Filter>Shaders</Filter>
    </None>
    <None Include="Shaders\dirLight.vert">
      <Filter>Shaders</Filter>
    </None>
    <None Include="Shaders\skybox.frag">
      <Filter>Shaders</Filter>
    </None>
    <None Include="Shaders\skybox.vert">
      <Filter>Shaders</Filter>
    </None>
    <None Include="Shaders\default.frag">
      <Filter>Shaders</Filter>
    </None>
    <None Include="Shaders\default.vert">
      <Filter>Shaders</Filter>
    </None>
    <None Include="Shaders\projectile.frag">
      <Filter>Shaders</Filter>
    </None>
    <None Include="Shaders\projectile.vert">
      <Filter>Shaders</Filter>
    </None>
    <None Include="Shaders\ptOutline.vert">
      <Filter>Shaders</Filter>
    </None>
    <None Include="Shaders\ptOutline.frag">
      <Filter>Shaders</Filter>
    </None>
    <None Include="Shaders\seatile.frag">
      <Filter>Shaders</Filter>
    </None>
    <None Include="Shaders\seatile.vert">
      <Filter>Shaders</Filter>
    </None>
    <None Include="Shaders\text.frag">
      <Filter>Shaders</Filter>
    </None>
    <None Include="Shaders\text.vert">
      <Filter>Shaders</Filter>
    </None>
  </ItemGroup>
  <ItemGroup>
    <Text Include="Utility\Logs\latestChanges.txt">
      <Filter>Utility\Logs</Filter>
    </Text>
    <Text Include="Utility\Logs\solutionDilemmas.txt">
      <Filter>Utility\Logs</Filter>
    </Text>
    <Text Include="Utility\Logs\temp.txt">
      <Filter>Utility\Logs</Filter>
    </Text>
    <Text Include="Utility\Logs\todo.txt">
      <Filter>Utility\Logs</Filter>
    </Text>
    <Text Include="Utility\Logs\versionInfo.txt">
      <Filter>Utility\Logs</Filter>
    </Text>
    <Text Include="..\Bstuff\Info\changelog.txt">
      <Filter>Utility\Info</Filter>
    </Text>
    <Text Include="..\Bstuff\Info\controlsAlpha.txt">
      <Filter>Utility\Info</Filter>
    </Text>
  </ItemGroup>
  <ItemGroup>
    <Image Include="Icon\icon.ico">
      <Filter>Resources</Filter>
    </Image>
  </ItemGroup>
  <ItemGroup>
    <ResourceCompile Include="Icon\TorpedoJatekClient.rc">
      <Filter>Resources</Filter>
    </ResourceCompile>
  </ItemGroup>
</Project>